// !$*UTF8*$!
{
	archiveVersion = 1;
	classes = {
	};
	objectVersion = 56;
	objects = {

/* Begin PBXBuildFile section */
		40F050102A33382E00305CB1 /* MovieBookApp.swift in Sources */ = {isa = PBXBuildFile; fileRef = 40F0500F2A33382E00305CB1 /* MovieBookApp.swift */; };
		40F050122A33382E00305CB1 /* ContentView.swift in Sources */ = {isa = PBXBuildFile; fileRef = 40F050112A33382E00305CB1 /* ContentView.swift */; };
		40F050142A33382F00305CB1 /* Assets.xcassets in Resources */ = {isa = PBXBuildFile; fileRef = 40F050132A33382F00305CB1 /* Assets.xcassets */; };
		40F050172A33382F00305CB1 /* Preview Assets.xcassets in Resources */ = {isa = PBXBuildFile; fileRef = 40F050162A33382F00305CB1 /* Preview Assets.xcassets */; };
		40F050212A3338AE00305CB1 /* Film.swift in Sources */ = {isa = PBXBuildFile; fileRef = 40F050202A3338AE00305CB1 /* Film.swift */; };
		40F050242A333BAA00305CB1 /* HttpDowloader.swift in Sources */ = {isa = PBXBuildFile; fileRef = 40F050232A333BAA00305CB1 /* HttpDowloader.swift */; };
		40F050272A334EA500305CB1 /* FilmViewModel.swift in Sources */ = {isa = PBXBuildFile; fileRef = 40F050262A334EA500305CB1 /* FilmViewModel.swift */; };
/* End PBXBuildFile section */

/* Begin PBXFileReference section */
		40F0500C2A33382E00305CB1 /* MovieBook.app */ = {isa = PBXFileReference; explicitFileType = wrapper.application; includeInIndex = 0; path = MovieBook.app; sourceTree = BUILT_PRODUCTS_DIR; };
		40F0500F2A33382E00305CB1 /* MovieBookApp.swift */ = {isa = PBXFileReference; lastKnownFileType = sourcecode.swift; path = MovieBookApp.swift; sourceTree = "<group>"; };
		40F050112A33382E00305CB1 /* ContentView.swift */ = {isa = PBXFileReference; lastKnownFileType = sourcecode.swift; path = ContentView.swift; sourceTree = "<group>"; };
		40F050132A33382F00305CB1 /* Assets.xcassets */ = {isa = PBXFileReference; lastKnownFileType = folder.assetcatalog; path = Assets.xcassets; sourceTree = "<group>"; };
		40F050162A33382F00305CB1 /* Preview Assets.xcassets */ = {isa = PBXFileReference; lastKnownFileType = folder.assetcatalog; path = "Preview Assets.xcassets"; sourceTree = "<group>"; };
		40F050202A3338AE00305CB1 /* Film.swift */ = {isa = PBXFileReference; lastKnownFileType = sourcecode.swift; path = Film.swift; sourceTree = "<group>"; };
		40F050232A333BAA00305CB1 /* HttpDowloader.swift */ = {isa = PBXFileReference; lastKnownFileType = sourcecode.swift; path = HttpDowloader.swift; sourceTree = "<group>"; };
		40F050252A334B5B00305CB1 /* Info.plist */ = {isa = PBXFileReference; lastKnownFileType = text.plist; path = Info.plist; sourceTree = "<group>"; };
		40F050262A334EA500305CB1 /* FilmViewModel.swift */ = {isa = PBXFileReference; lastKnownFileType = sourcecode.swift; path = FilmViewModel.swift; sourceTree = "<group>"; };
/* End PBXFileReference section */

/* Begin PBXFrameworksBuildPhase section */
		40F050092A33382E00305CB1 /* Frameworks */ = {
			isa = PBXFrameworksBuildPhase;
			buildActionMask = 2147483647;
			files = (
			);
			runOnlyForDeploymentPostprocessing = 0;
		};
/* End PBXFrameworksBuildPhase section */

/* Begin PBXGroup section */
		40F050032A33382E00305CB1 = {
			isa = PBXGroup;
			children = (
				40F0500E2A33382E00305CB1 /* MovieBook */,
				40F0500D2A33382E00305CB1 /* Products */,
			);
			sourceTree = "<group>";
		};
		40F0500D2A33382E00305CB1 /* Products */ = {
			isa = PBXGroup;
			children = (
				40F0500C2A33382E00305CB1 /* MovieBook.app */,
			);
			name = Products;
			sourceTree = "<group>";
		};
		40F0500E2A33382E00305CB1 /* MovieBook */ = {
			isa = PBXGroup;
			children = (
				40F050252A334B5B00305CB1 /* Info.plist */,
				40F050222A333B2F00305CB1 /* Service */,
				40F0501F2A33387500305CB1 /* View */,
				40F0501E2A33386200305CB1 /* ViewModel */,
				40F0501D2A33385500305CB1 /* Model */,
				40F050132A33382F00305CB1 /* Assets.xcassets */,
				40F050152A33382F00305CB1 /* Preview Content */,
			);
			path = MovieBook;
			sourceTree = "<group>";
		};
		40F050152A33382F00305CB1 /* Preview Content */ = {
			isa = PBXGroup;
			children = (
				40F050162A33382F00305CB1 /* Preview Assets.xcassets */,
			);
			path = "Preview Content";
			sourceTree = "<group>";
		};
		40F0501D2A33385500305CB1 /* Model */ = {
			isa = PBXGroup;
			children = (
				40F050202A3338AE00305CB1 /* Film.swift */,
			);
			path = Model;
			sourceTree = "<group>";
		};
		40F0501E2A33386200305CB1 /* ViewModel */ = {
			isa = PBXGroup;
			children = (
				40F0500F2A33382E00305CB1 /* MovieBookApp.swift */,
				40F050262A334EA500305CB1 /* FilmViewModel.swift */,
			);
			path = ViewModel;
			sourceTree = "<group>";
		};
		40F0501F2A33387500305CB1 /* View */ = {
			isa = PBXGroup;
			children = (
				40F050112A33382E00305CB1 /* ContentView.swift */,
			);
			path = View;
			sourceTree = "<group>";
		};
		40F050222A333B2F00305CB1 /* Service */ = {
			isa = PBXGroup;
			children = (
				40F050232A333BAA00305CB1 /* HttpDowloader.swift */,
			);
			path = Service;
			sourceTree = "<group>";
		};
/* End PBXGroup section */

/* Begin PBXNativeTarget section */
		40F0500B2A33382E00305CB1 /* MovieBook */ = {
			isa = PBXNativeTarget;
			buildConfigurationList = 40F0501A2A33382F00305CB1 /* Build configuration list for PBXNativeTarget "MovieBook" */;
			buildPhases = (
				40F050082A33382E00305CB1 /* Sources */,
				40F050092A33382E00305CB1 /* Frameworks */,
				40F0500A2A33382E00305CB1 /* Resources */,
			);
			buildRules = (
			);
			dependencies = (
			);
			name = MovieBook;
			productName = MovieBook;
			productReference = 40F0500C2A33382E00305CB1 /* MovieBook.app */;
			productType = "com.apple.product-type.application";
		};
/* End PBXNativeTarget section */

/* Begin PBXProject section */
		40F050042A33382E00305CB1 /* Project object */ = {
			isa = PBXProject;
			attributes = {
				BuildIndependentTargetsInParallel = 1;
				LastSwiftUpdateCheck = 1430;
				LastUpgradeCheck = 1430;
				TargetAttributes = {
					40F0500B2A33382E00305CB1 = {
						CreatedOnToolsVersion = 14.3.1;
					};
				};
			};
			buildConfigurationList = 40F050072A33382E00305CB1 /* Build configuration list for PBXProject "MovieBook" */;
			compatibilityVersion = "Xcode 14.0";
			developmentRegion = en;
			hasScannedForEncodings = 0;
			knownRegions = (
				en,
				Base,
			);
			mainGroup = 40F050032A33382E00305CB1;
			productRefGroup = 40F0500D2A33382E00305CB1 /* Products */;
			projectDirPath = "";
			projectRoot = "";
			targets = (
				40F0500B2A33382E00305CB1 /* MovieBook */,
			);
		};
/* End PBXProject section */

/* Begin PBXResourcesBuildPhase section */
		40F0500A2A33382E00305CB1 /* Resources */ = {
			isa = PBXResourcesBuildPhase;
			buildActionMask = 2147483647;
			files = (
				40F050172A33382F00305CB1 /* Preview Assets.xcassets in Resources */,
				40F050142A33382F00305CB1 /* Assets.xcassets in Resources */,
			);
			runOnlyForDeploymentPostprocessing = 0;
		};
/* End PBXResourcesBuildPhase section */

/* Begin PBXSourcesBuildPhase section */
		40F050082A33382E00305CB1 /* Sources */ = {
			isa = PBXSourcesBuildPhase;
			buildActionMask = 2147483647;
			files = (
				40F050122A33382E00305CB1 /* ContentView.swift in Sources */,
				40F050212A3338AE00305CB1 /* Film.swift in Sources */,
				40F050272A334EA500305CB1 /* FilmViewModel.swift in Sources */,
				40F050102A33382E00305CB1 /* MovieBookApp.swift in Sources */,
				40F050242A333BAA00305CB1 /* HttpDowloader.swift in Sources */,
			);
			runOnlyForDeploymentPostprocessing = 0;
		};
/* End PBXSourcesBuildPhase section */

/* Begin XCBuildConfiguration section */
		40F050182A33382F00305CB1 /* Debug */ = {
			isa = XCBuildConfiguration;
			buildSettings = {
				ALWAYS_SEARCH_USER_PATHS = NO;
				CLANG_ANALYZER_NONNULL = YES;
				CLANG_ANALYZER_NUMBER_OBJECT_CONVERSION = YES_AGGRESSIVE;
				CLANG_CXX_LANGUAGE_STANDARD = "gnu++20";
				CLANG_ENABLE_MODULES = YES;
				CLANG_ENABLE_OBJC_ARC = YES;
				CLANG_ENABLE_OBJC_WEAK = YES;
				CLANG_WARN_BLOCK_CAPTURE_AUTORELEASING = YES;
				CLANG_WARN_BOOL_CONVERSION = YES;
				CLANG_WARN_COMMA = YES;
				CLANG_WARN_CONSTANT_CONVERSION = YES;
				CLANG_WARN_DEPRECATED_OBJC_IMPLEMENTATIONS = YES;
				CLANG_WARN_DIRECT_OBJC_ISA_USAGE = YES_ERROR;
				CLANG_WARN_DOCUMENTATION_COMMENTS = YES;
				CLANG_WARN_EMPTY_BODY = YES;
				CLANG_WARN_ENUM_CONVERSION = YES;
				CLANG_WARN_INFINITE_RECURSION = YES;
				CLANG_WARN_INT_CONVERSION = YES;
				CLANG_WARN_NON_LITERAL_NULL_CONVERSION = YES;
				CLANG_WARN_OBJC_IMPLICIT_RETAIN_SELF = YES;
				CLANG_WARN_OBJC_LITERAL_CONVERSION = YES;
				CLANG_WARN_OBJC_ROOT_CLASS = YES_ERROR;
				CLANG_WARN_QUOTED_INCLUDE_IN_FRAMEWORK_HEADER = YES;
				CLANG_WARN_RANGE_LOOP_ANALYSIS = YES;
				CLANG_WARN_STRICT_PROTOTYPES = YES;
				CLANG_WARN_SUSPICIOUS_MOVE = YES;
				CLANG_WARN_UNGUARDED_AVAILABILITY = YES_AGGRESSIVE;
				CLANG_WARN_UNREACHABLE_CODE = YES;
				CLANG_WARN__DUPLICATE_METHOD_MATCH = YES;
				COPY_PHASE_STRIP = NO;
				DEBUG_INFORMATION_FORMAT = dwarf;
				ENABLE_STRICT_OBJC_MSGSEND = YES;
				ENABLE_TESTABILITY = YES;
				GCC_C_LANGUAGE_STANDARD = gnu11;
				GCC_DYNAMIC_NO_PIC = NO;
				GCC_NO_COMMON_BLOCKS = YES;
				GCC_OPTIMIZATION_LEVEL = 0;
				GCC_PREPROCESSOR_DEFINITIONS = (
					"DEBUG=1",
					"$(inherited)",
				);
				GCC_WARN_64_TO_32_BIT_CONVERSION = YES;
				GCC_WARN_ABOUT_RETURN_TYPE = YES_ERROR;
				GCC_WARN_UNDECLARED_SELECTOR = YES;
				GCC_WARN_UNINITIALIZED_AUTOS = YES_AGGRESSIVE;
				GCC_WARN_UNUSED_FUNCTION = YES;
				GCC_WARN_UNUSED_VARIABLE = YES;
				IPHONEOS_DEPLOYMENT_TARGET = 16.4;
				MTL_ENABLE_DEBUG_INFO = INCLUDE_SOURCE;
				MTL_FAST_MATH = YES;
				ONLY_ACTIVE_ARCH = YES;
				SDKROOT = iphoneos;
				SWIFT_ACTIVE_COMPILATION_CONDITIONS = DEBUG;
				SWIFT_OPTIMIZATION_LEVEL = "-Onone";
			};
			name = Debug;
		};
		40F050192A33382F00305CB1 /* Release */ = {
			isa = XCBuildConfiguration;
			buildSettings = {
				ALWAYS_SEARCH_USER_PATHS = NO;
				CLANG_ANALYZER_NONNULL = YES;
				CLANG_ANALYZER_NUMBER_OBJECT_CONVERSION = YES_AGGRESSIVE;
				CLANG_CXX_LANGUAGE_STANDARD = "gnu++20";
				CLANG_ENABLE_MODULES = YES;
				CLANG_ENABLE_OBJC_ARC = YES;
				CLANG_ENABLE_OBJC_WEAK = YES;
				CLANG_WARN_BLOCK_CAPTURE_AUTORELEASING = YES;
				CLANG_WARN_BOOL_CONVERSION = YES;
				CLANG_WARN_COMMA = YES;
				CLANG_WARN_CONSTANT_CONVERSION = YES;
				CLANG_WARN_DEPRECATED_OBJC_IMPLEMENTATIONS = YES;
				CLANG_WARN_DIRECT_OBJC_ISA_USAGE = YES_ERROR;
				CLANG_WARN_DOCUMENTATION_COMMENTS = YES;
				CLANG_WARN_EMPTY_BODY = YES;
				CLANG_WARN_ENUM_CONVERSION = YES;
				CLANG_WARN_INFINITE_RECURSION = YES;
				CLANG_WARN_INT_CONVERSION = YES;
				CLANG_WARN_NON_LITERAL_NULL_CONVERSION = YES;
				CLANG_WARN_OBJC_IMPLICIT_RETAIN_SELF = YES;
				CLANG_WARN_OBJC_LITERAL_CONVERSION = YES;
				CLANG_WARN_OBJC_ROOT_CLASS = YES_ERROR;
				CLANG_WARN_QUOTED_INCLUDE_IN_FRAMEWORK_HEADER = YES;
				CLANG_WARN_RANGE_LOOP_ANALYSIS = YES;
				CLANG_WARN_STRICT_PROTOTYPES = YES;
				CLANG_WARN_SUSPICIOUS_MOVE = YES;
				CLANG_WARN_UNGUARDED_AVAILABILITY = YES_AGGRESSIVE;
				CLANG_WARN_UNREACHABLE_CODE = YES;
				CLANG_WARN__DUPLICATE_METHOD_MATCH = YES;
				COPY_PHASE_STRIP = NO;
				DEBUG_INFORMATION_FORMAT = "dwarf-with-dsym";
				ENABLE_NS_ASSERTIONS = NO;
				ENABLE_STRICT_OBJC_MSGSEND = YES;
				GCC_C_LANGUAGE_STANDARD = gnu11;
				GCC_NO_COMMON_BLOCKS = YES;
				GCC_WARN_64_TO_32_BIT_CONVERSION = YES;
				GCC_WARN_ABOUT_RETURN_TYPE = YES_ERROR;
				GCC_WARN_UNDECLARED_SELECTOR = YES;
				GCC_WARN_UNINITIALIZED_AUTOS = YES_AGGRESSIVE;
				GCC_WARN_UNUSED_FUNCTION = YES;
				GCC_WARN_UNUSED_VARIABLE = YES;
				IPHONEOS_DEPLOYMENT_TARGET = 16.4;
				MTL_ENABLE_DEBUG_INFO = NO;
				MTL_FAST_MATH = YES;
				SDKROOT = iphoneos;
				SWIFT_COMPILATION_MODE = wholemodule;
				SWIFT_OPTIMIZATION_LEVEL = "-O";
				VALIDATE_PRODUCT = YES;
			};
			name = Release;
		};
		40F0501B2A33382F00305CB1 /* Debug */ = {
			isa = XCBuildConfiguration;
			buildSettings = {
				ASSETCATALOG_COMPILER_APPICON_NAME = AppIcon;
				ASSETCATALOG_COMPILER_GLOBAL_ACCENT_COLOR_NAME = AccentColor;
				CODE_SIGN_STYLE = Automatic;
				CURRENT_PROJECT_VERSION = 1;
				DEVELOPMENT_ASSET_PATHS = "\"MovieBook/Preview Content\"";
				DEVELOPMENT_TEAM = C6XQGQT9RS;
				ENABLE_PREVIEWS = YES;
				GENERATE_INFOPLIST_FILE = YES;
				INFOPLIST_FILE = MovieBook/Info.plist;
				INFOPLIST_KEY_UIApplicationSceneManifest_Generation = YES;
				INFOPLIST_KEY_UIApplicationSupportsIndirectInputEvents = YES;
				INFOPLIST_KEY_UILaunchScreen_Generation = YES;
				INFOPLIST_KEY_UISupportedInterfaceOrientations_iPad = "UIInterfaceOrientationPortrait UIInterfaceOrientationPortraitUpsideDown UIInterfaceOrientationLandscapeLeft UIInterfaceOrientationLandscapeRight";
				INFOPLIST_KEY_UISupportedInterfaceOrientations_iPhone = "UIInterfaceOrientationPortrait UIInterfaceOrientationLandscapeLeft UIInterfaceOrientationLandscapeRight";
				LD_RUNPATH_SEARCH_PATHS = (
					"$(inherited)",
					"@executable_path/Frameworks",
				);
				MARKETING_VERSION = 1.0;
				PRODUCT_BUNDLE_IDENTIFIER = com.hamzacaylan.MovieBook;
				PRODUCT_NAME = "$(TARGET_NAME)";
				SWIFT_EMIT_LOC_STRINGS = YES;
				SWIFT_VERSION = 5.0;
				TARGETED_DEVICE_FAMILY = "1,2";
			};
			name = Debug;
		};
		40F0501C2A33382F00305CB1 /* Release */ = {
			isa = XCBuildConfiguration;
			buildSettings = {
				ASSETCATALOG_COMPILER_APPICON_NAME = AppIcon;
				ASSETCATALOG_COMPILER_GLOBAL_ACCENT_COLOR_NAME = AccentColor;
				CODE_SIGN_STYLE = Automatic;
				CURRENT_PROJECT_VERSION = 1;
				DEVELOPMENT_ASSET_PATHS = "\"MovieBook/Preview Content\"";
				DEVELOPMENT_TEAM = C6XQGQT9RS;
				ENABLE_PREVIEWS = YES;
				GENERATE_INFOPLIST_FILE = YES;
				INFOPLIST_FILE = MovieBook/Info.plist;
				INFOPLIST_KEY_UIApplicationSceneManifest_Generation = YES;
				INFOPLIST_KEY_UIApplicationSupportsIndirectInputEvents = YES;
				INFOPLIST_KEY_UILaunchScreen_Generation = YES;
				INFOPLIST_KEY_UISupportedInterfaceOrientations_iPad = "UIInterfaceOrientationPortrait UIInterfaceOrientationPortraitUpsideDown UIInterfaceOrientationLandscapeLeft UIInterfaceOrientationLandscapeRight";
				INFOPLIST_KEY_UISupportedInterfaceOrientations_iPhone = "UIInterfaceOrientationPortrait UIInterfaceOrientationLandscapeLeft UIInterfaceOrientationLandscapeRight";
				LD_RUNPATH_SEARCH_PATHS = (
					"$(inherited)",
					"@executable_path/Frameworks",
				);
				MARKETING_VERSION = 1.0;
				PRODUCT_BUNDLE_IDENTIFIER = com.hamzacaylan.MovieBook;
				PRODUCT_NAME = "$(TARGET_NAME)";
				SWIFT_EMIT_LOC_STRINGS = YES;
				SWIFT_VERSION = 5.0;
				TARGETED_DEVICE_FAMILY = "1,2";
			};
			name = Release;
		};
/* End XCBuildConfiguration section */

/* Begin XCConfigurationList section */
		40F050072A33382E00305CB1 /* Build configuration list for PBXProject "MovieBook" */ = {
			isa = XCConfigurationList;
			buildConfigurations = (
				40F050182A33382F00305CB1 /* Debug */,
				40F050192A33382F00305CB1 /* Release */,
			);
			defaultConfigurationIsVisible = 0;
			defaultConfigurationName = Release;
		};
		40F0501A2A33382F00305CB1 /* Build configuration list for PBXNativeTarget "MovieBook" */ = {
			isa = XCConfigurationList;
			buildConfigurations = (
				40F0501B2A33382F00305CB1 /* Debug */,
				40F0501C2A33382F00305CB1 /* Release */,
			);
			defaultConfigurationIsVisible = 0;
			defaultConfigurationName = Release;
		};
/* End XCConfigurationList section */
	};
	rootObject = 40F050042A33382E00305CB1 /* Project object */;
}
